
Microsoft Visual Studio Solution File, Format Version 12.00
# Visual Studio Version 16
VisualStudioVersion = 16.0.29920.165
MinimumVisualStudioVersion = 10.0.40219.1
Project("{FAE04EC0-301F-11D3-BF4B-00C04F79EFBC}") = "Crawler", "Crawler\Crawler.csproj", "{A23868AA-F825-4263-9B74-C940BAB77423}"
EndProject
Project("{FAE04EC0-301F-11D3-BF4B-00C04F79EFBC}") = "CrawlerWindow", "CrawlerWindow\CrawlerWindow.csproj", "{23607FF1-A08C-4202-AEAC-9A4E8734D27F}"
EndProject
Global
	GlobalSection(SolutionConfigurationPlatforms) = preSolution
		Debug|Any CPU = Debug|Any CPU
		Release|Any CPU = Release|Any CPU
	EndGlobalSection
	GlobalSection(ProjectConfigurationPlatforms) = postSolution
		{A23868AA-F825-4263-9B74-C940BAB77423}.Debug|Any CPU.ActiveCfg = Debug|Any CPU
		{A23868AA-F825-4263-9B74-C940BAB77423}.Debug|Any CPU.Build.0 = Debug|Any CPU
		{A23868AA-F825-4263-9B74-C940BAB77423}.Release|Any CPU.ActiveCfg = Release|Any CPU
		{A23868AA-F825-4263-9B74-C940BAB77423}.Release|Any CPU.Build.0 = Release|Any CPU
		{23607FF1-A08C-4202-AEAC-9A4E8734D27F}.Debug|Any CPU.ActiveCfg = Debug|Any CPU
		{23607FF1-A08C-4202-AEAC-9A4E8734D27F}.Debug|Any CPU.Build.0 = Debug|Any CPU
		{23607FF1-A08C-4202-AEAC-9A4E8734D27F}.Release|Any CPU.ActiveCfg = Release|Any CPU
		{23607FF1-A08C-4202-AEAC-9A4E8734D27F}.Release|Any CPU.Build.0 = Release|Any CPU
	EndGlobalSection
	GlobalSection(SolutionProperties) = preSolution
		HideSolutionNode = FALSE
	EndGlobalSection
	GlobalSection(ExtensibilityGlobals) = postSolution
		SolutionGuid = {F2C46BBC-2BA8-41EF-8090-9E8C0479125E}
	EndGlobalSection
EndGlobal
