
Microsoft Visual Studio Solution File, Format Version 12.00
# Visual Studio Version 16
VisualStudioVersion = 16.0.29609.76
MinimumVisualStudioVersion = 10.0.40219.1
Project("{FAE04EC0-301F-11D3-BF4B-00C04F79EFBC}") = "Homework3", "Homework3\Homework3.csproj", "{5D068ACA-D198-4E34-8705-7EA90A85296B}"
EndProject
Global
	GlobalSection(SolutionConfigurationPlatforms) = preSolution
		Debug|Any CPU = Debug|Any CPU
		Release|Any CPU = Release|Any CPU
	EndGlobalSection
	GlobalSection(ProjectConfigurationPlatforms) = postSolution
		{5D068ACA-D198-4E34-8705-7EA90A85296B}.Debug|Any CPU.ActiveCfg = Debug|Any CPU
		{5D068ACA-D198-4E34-8705-7EA90A85296B}.Debug|Any CPU.Build.0 = Debug|Any CPU
		{5D068ACA-D198-4E34-8705-7EA90A85296B}.Release|Any CPU.ActiveCfg = Release|Any CPU
		{5D068ACA-D198-4E34-8705-7EA90A85296B}.Release|Any CPU.Build.0 = Release|Any CPU
	EndGlobalSection
	GlobalSection(SolutionProperties) = preSolution
		HideSolutionNode = FALSE
	EndGlobalSection
	GlobalSection(ExtensibilityGlobals) = postSolution
		SolutionGuid = {59EE0B64-E36B-4052-A50E-F62792CA61E7}
	EndGlobalSection
EndGlobal
