
Microsoft Visual Studio Solution File, Format Version 12.00
# Visual Studio Version 16
VisualStudioVersion = 16.0.29806.167
MinimumVisualStudioVersion = 10.0.40219.1
Project("{FAE04EC0-301F-11D3-BF4B-00C04F79EFBC}") = "GenericApplication", "GenericApplication\GenericApplication.csproj", "{5EAE3A56-037E-4943-8FD9-89A1098FC0B8}"
EndProject
Project("{FAE04EC0-301F-11D3-BF4B-00C04F79EFBC}") = "AlarmApplication", "AlarmApplication\AlarmApplication.csproj", "{EA3EC43E-BF95-4B7F-B3E3-8677A06F1A40}"
EndProject
Global
	GlobalSection(SolutionConfigurationPlatforms) = preSolution
		Debug|Any CPU = Debug|Any CPU
		Release|Any CPU = Release|Any CPU
	EndGlobalSection
	GlobalSection(ProjectConfigurationPlatforms) = postSolution
		{5EAE3A56-037E-4943-8FD9-89A1098FC0B8}.Debug|Any CPU.ActiveCfg = Debug|Any CPU
		{5EAE3A56-037E-4943-8FD9-89A1098FC0B8}.Debug|Any CPU.Build.0 = Debug|Any CPU
		{5EAE3A56-037E-4943-8FD9-89A1098FC0B8}.Release|Any CPU.ActiveCfg = Release|Any CPU
		{5EAE3A56-037E-4943-8FD9-89A1098FC0B8}.Release|Any CPU.Build.0 = Release|Any CPU
		{EA3EC43E-BF95-4B7F-B3E3-8677A06F1A40}.Debug|Any CPU.ActiveCfg = Debug|Any CPU
		{EA3EC43E-BF95-4B7F-B3E3-8677A06F1A40}.Debug|Any CPU.Build.0 = Debug|Any CPU
		{EA3EC43E-BF95-4B7F-B3E3-8677A06F1A40}.Release|Any CPU.ActiveCfg = Release|Any CPU
		{EA3EC43E-BF95-4B7F-B3E3-8677A06F1A40}.Release|Any CPU.Build.0 = Release|Any CPU
	EndGlobalSection
	GlobalSection(SolutionProperties) = preSolution
		HideSolutionNode = FALSE
	EndGlobalSection
	GlobalSection(ExtensibilityGlobals) = postSolution
		SolutionGuid = {C929AAF5-7ECA-470F-A4CB-FAAEA4B3B720}
	EndGlobalSection
EndGlobal
