
Microsoft Visual Studio Solution File, Format Version 12.00
# Visual Studio Version 16
VisualStudioVersion = 16.0.29920.165
MinimumVisualStudioVersion = 10.0.40219.1
Project("{FAE04EC0-301F-11D3-BF4B-00C04F79EFBC}") = "OrderManagementWindows", "OrderManagementWindows\OrderManagementWindows.csproj", "{809128B0-D7E7-4FD1-AC9C-082600FF06DD}"
EndProject
Global
	GlobalSection(SolutionConfigurationPlatforms) = preSolution
		Debug|Any CPU = Debug|Any CPU
		Release|Any CPU = Release|Any CPU
	EndGlobalSection
	GlobalSection(ProjectConfigurationPlatforms) = postSolution
		{809128B0-D7E7-4FD1-AC9C-082600FF06DD}.Debug|Any CPU.ActiveCfg = Debug|Any CPU
		{809128B0-D7E7-4FD1-AC9C-082600FF06DD}.Debug|Any CPU.Build.0 = Debug|Any CPU
		{809128B0-D7E7-4FD1-AC9C-082600FF06DD}.Release|Any CPU.ActiveCfg = Release|Any CPU
		{809128B0-D7E7-4FD1-AC9C-082600FF06DD}.Release|Any CPU.Build.0 = Release|Any CPU
	EndGlobalSection
	GlobalSection(SolutionProperties) = preSolution
		HideSolutionNode = FALSE
	EndGlobalSection
	GlobalSection(ExtensibilityGlobals) = postSolution
		SolutionGuid = {42C34FF4-ED72-42FB-961D-290178DE6114}
	EndGlobalSection
EndGlobal
